
Microsoft Visual Studio Solution File, Format Version 12.00
Project("{FAE04EC0-301F-11D3-BF4B-00C04F79EFBC}") = "TelegramBotRemoteControlComputer.Core", "TelegramBotRemoteControlComputer.Core\TelegramBotRemoteControlComputer.Core.csproj", "{D799176A-CA1D-4799-B0FE-93C530C8EE82}"
EndProject
Project("{FAE04EC0-301F-11D3-BF4B-00C04F79EFBC}") = "TelegramBotRemoteControlComputer.Commands", "TelegramBotRemoteControlComputer.Commands\TelegramBotRemoteControlComputer.Commands.csproj", "{65695B1C-EC84-4A74-8265-83606DA09408}"
EndProject
Global
	GlobalSection(SolutionConfigurationPlatforms) = preSolution
		Debug|Any CPU = Debug|Any CPU
		Release|Any CPU = Release|Any CPU
	EndGlobalSection
	GlobalSection(ProjectConfigurationPlatforms) = postSolution
		{D799176A-CA1D-4799-B0FE-93C530C8EE82}.Debug|Any CPU.ActiveCfg = Debug|Any CPU
		{D799176A-CA1D-4799-B0FE-93C530C8EE82}.Debug|Any CPU.Build.0 = Debug|Any CPU
		{D799176A-CA1D-4799-B0FE-93C530C8EE82}.Release|Any CPU.ActiveCfg = Release|Any CPU
		{D799176A-CA1D-4799-B0FE-93C530C8EE82}.Release|Any CPU.Build.0 = Release|Any CPU
		{65695B1C-EC84-4A74-8265-83606DA09408}.Debug|Any CPU.ActiveCfg = Debug|Any CPU
		{65695B1C-EC84-4A74-8265-83606DA09408}.Debug|Any CPU.Build.0 = Debug|Any CPU
		{65695B1C-EC84-4A74-8265-83606DA09408}.Release|Any CPU.ActiveCfg = Release|Any CPU
		{65695B1C-EC84-4A74-8265-83606DA09408}.Release|Any CPU.Build.0 = Release|Any CPU
	EndGlobalSection
EndGlobal
